
Microsoft Visual Studio Solution File, Format Version 12.00
# Visual Studio Version 16
VisualStudioVersion = 16.0.30709.132
MinimumVisualStudioVersion = 10.0.40219.1
Project("{9A19103F-16F7-4668-BE54-9A1E7A4F7556}") = "Đồ án 1", "Đồ án 1.csproj", "{51C1B1D7-F1AF-4661-9E03-5E294F2F1291}"
EndProject
Global
	GlobalSection(SolutionConfigurationPlatforms) = preSolution
		Debug|Any CPU = Debug|Any CPU
		Release|Any CPU = Release|Any CPU
	EndGlobalSection
	GlobalSection(ProjectConfigurationPlatforms) = postSolution
		{51C1B1D7-F1AF-4661-9E03-5E294F2F1291}.Debug|Any CPU.ActiveCfg = Debug|Any CPU
		{51C1B1D7-F1AF-4661-9E03-5E294F2F1291}.Debug|Any CPU.Build.0 = Debug|Any CPU
		{51C1B1D7-F1AF-4661-9E03-5E294F2F1291}.Release|Any CPU.ActiveCfg = Release|Any CPU
		{51C1B1D7-F1AF-4661-9E03-5E294F2F1291}.Release|Any CPU.Build.0 = Release|Any CPU
	EndGlobalSection
	GlobalSection(SolutionProperties) = preSolution
		HideSolutionNode = FALSE
	EndGlobalSection
	GlobalSection(ExtensibilityGlobals) = postSolution
		SolutionGuid = {E44549B9-A6EF-4215-92A0-7D4998F237B8}
	EndGlobalSection
EndGlobal
